
Microsoft Visual Studio Solution File, Format Version 12.00
# Visual Studio 14
VisualStudioVersion = 14.0.25123.0
MinimumVisualStudioVersion = 10.0.40219.1
Project("{08400C33-83A0-4081-A66B-D2224B44F9E4}") = "Sitecore.Support.398625", "Sitecore.Support.398625\Sitecore.Support.398625.csproj", "{A3BD3ED4-1C6F-496D-A1A6-C14CED79FADE}"
EndProject
Global
	GlobalSection(SolutionConfigurationPlatforms) = preSolution
		Debug|Any CPU = Debug|Any CPU
		Release|Any CPU = Release|Any CPU
	EndGlobalSection
	GlobalSection(ProjectConfigurationPlatforms) = postSolution
		{A3BD3ED4-1C6F-496D-A1A6-C14CED79FADE}.Debug|Any CPU.ActiveCfg = Debug|Any CPU
		{A3BD3ED4-1C6F-496D-A1A6-C14CED79FADE}.Debug|Any CPU.Build.0 = Debug|Any CPU
		{A3BD3ED4-1C6F-496D-A1A6-C14CED79FADE}.Release|Any CPU.ActiveCfg = Release|Any CPU
		{A3BD3ED4-1C6F-496D-A1A6-C14CED79FADE}.Release|Any CPU.Build.0 = Release|Any CPU
	EndGlobalSection
	GlobalSection(SolutionProperties) = preSolution
		HideSolutionNode = FALSE
	EndGlobalSection
EndGlobal
